{
  "name": "discord-gif-exporter",
  "lockfileVersion": 3,
  "requires": true,
  "packages": {
    "": {
      "dependencies": {
        "discord-protos": "*"
      }
    },
    "node_modules/@protobuf-ts/runtime": {
      "version": "2.9.4",
      "resolved": "https://registry.npmjs.org/@protobuf-ts/runtime/-/runtime-2.9.4.tgz",
      "integrity": "sha512-vHRFWtJJB/SiogWDF0ypoKfRIZ41Kq+G9cEFj6Qm1eQaAhJ1LDFvgZ7Ja4tb3iLOQhz0PaoPnnOijF1qmEqTxg==",
      "license": "(Apache-2.0 AND BSD-3-Clause)"
    },
    "node_modules/discord-protos": {
      "version": "1.0.5",
      "resolved": "https://registry.npmjs.org/discord-protos/-/discord-protos-1.0.5.tgz",
      "integrity": "sha512-924CFthTtgkwsjVp9tC6Pvj/C5b5HWQ68A6suiEz1Dkg+LqvVsvQAGgMhvYc/nXNcosqQIeBruSQBxv4wIxVvw==",
      "license": "MIT",
      "dependencies": {
        "@protobuf-ts/runtime": "^2.8.2"
      }
    }
  }
}
